
Microsoft Visual Studio Solution File, Format Version 12.00
# Visual Studio Version 17
VisualStudioVersion = 17.14.36127.28 d17.14
MinimumVisualStudioVersion = 10.0.40219.1
Project("{FAE04EC0-301F-11D3-BF4B-00C04F79EFBC}") = "Healy", "Healy\Healy.csproj", "{8E3E5151-0F25-4DCB-A513-FC9816B6E95A}"
EndProject
Global
	GlobalSection(SolutionConfigurationPlatforms) = preSolution
		Debug|Any CPU = Debug|Any CPU
		Release|Any CPU = Release|Any CPU
	EndGlobalSection
	GlobalSection(ProjectConfigurationPlatforms) = postSolution
		{8E3E5151-0F25-4DCB-A513-FC9816B6E95A}.Debug|Any CPU.ActiveCfg = Debug|Any CPU
		{8E3E5151-0F25-4DCB-A513-FC9816B6E95A}.Debug|Any CPU.Build.0 = Debug|Any CPU
		{8E3E5151-0F25-4DCB-A513-FC9816B6E95A}.Release|Any CPU.ActiveCfg = Release|Any CPU
		{8E3E5151-0F25-4DCB-A513-FC9816B6E95A}.Release|Any CPU.Build.0 = Release|Any CPU
	EndGlobalSection
	GlobalSection(SolutionProperties) = preSolution
		HideSolutionNode = FALSE
	EndGlobalSection
	GlobalSection(ExtensibilityGlobals) = postSolution
		SolutionGuid = {3006A348-4D8D-4DFB-AE4A-EB15822F23E1}
	EndGlobalSection
EndGlobal
